
Microsoft Visual Studio Solution File, Format Version 12.00
# Visual Studio Version 17
VisualStudioVersion = 17.11.35431.28
MinimumVisualStudioVersion = 10.0.40219.1
Project("{FAE04EC0-301F-11D3-BF4B-00C04F79EFBC}") = "вариант", "вариант\вариант.csproj", "{C8BEA378-3EF2-4091-88D9-8A14484FE09A}"
EndProject
Global
	GlobalSection(SolutionConfigurationPlatforms) = preSolution
		Debug|Any CPU = Debug|Any CPU
		Release|Any CPU = Release|Any CPU
	EndGlobalSection
	GlobalSection(ProjectConfigurationPlatforms) = postSolution
		{C8BEA378-3EF2-4091-88D9-8A14484FE09A}.Debug|Any CPU.ActiveCfg = Debug|Any CPU
		{C8BEA378-3EF2-4091-88D9-8A14484FE09A}.Debug|Any CPU.Build.0 = Debug|Any CPU
		{C8BEA378-3EF2-4091-88D9-8A14484FE09A}.Release|Any CPU.ActiveCfg = Release|Any CPU
		{C8BEA378-3EF2-4091-88D9-8A14484FE09A}.Release|Any CPU.Build.0 = Release|Any CPU
	EndGlobalSection
	GlobalSection(SolutionProperties) = preSolution
		HideSolutionNode = FALSE
	EndGlobalSection
	GlobalSection(ExtensibilityGlobals) = postSolution
		SolutionGuid = {C6DE5699-2EC3-4213-A105-D3BB5425F6A9}
	EndGlobalSection
EndGlobal
